{
  "name": "tslint-config-mwl",
  "version": "0.5.1",
  "lockfileVersion": 1,
  "requires": true,
  "dependencies": {
    "@phenomnomnominal/tsquery": {
      "version": "1.0.5",
      "resolved": "https://registry.npmjs.org/@phenomnomnominal/tsquery/-/tsquery-1.0.5.tgz",
      "integrity": "sha512-iSkUJRX6YosGa08JqF+oOT37Zyl5H2GoqZgf4jDYhq4mqmD7AzuDrq6xYlFmVB/uikdT7SAelHfbaNTulGthGg==",
      "requires": {
        "esquery": "^1.0.1"
      }
    },
    "app-root-path": {
      "version": "2.1.0",
      "resolved": "https://registry.npmjs.org/app-root-path/-/app-root-path-2.1.0.tgz",
      "integrity": "sha1-mL9lmTJ+zqGZMJhm6BQDaP0uZGo="
    },
    "codelyzer": {
      "version": "4.4.1",
      "resolved": "https://registry.npmjs.org/codelyzer/-/codelyzer-4.4.1.tgz",
      "integrity": "sha512-iv9ktBEbZs+EMY8ybx86zoROiY5Pmif15fyWKt/aKLlYZWRv5qohM3IcMa6VY8HGLf3jMuBoc7stNGdEVasg+Q==",
      "requires": {
        "app-root-path": "^2.0.1",
        "css-selector-tokenizer": "^0.7.0",
        "cssauron": "^1.4.0",
        "semver-dsl": "^1.0.1",
        "source-map": "^0.5.7",
        "sprintf-js": "^1.1.1"
      }
    },
    "css-selector-tokenizer": {
      "version": "0.7.0",
      "resolved": "https://registry.npmjs.org/css-selector-tokenizer/-/css-selector-tokenizer-0.7.0.tgz",
      "integrity": "sha1-5piEdK6MlTR3v15+/s/OzNnPTIY=",
      "requires": {
        "cssesc": "^0.1.0",
        "fastparse": "^1.1.1",
        "regexpu-core": "^1.0.0"
      }
    },
    "cssauron": {
      "version": "1.4.0",
      "resolved": "https://registry.npmjs.org/cssauron/-/cssauron-1.4.0.tgz",
      "integrity": "sha1-pmAt/34EqDBtwNuaVR6S6LVmKtg=",
      "requires": {
        "through": "X.X.X"
      }
    },
    "cssesc": {
      "version": "0.1.0",
      "resolved": "https://registry.npmjs.org/cssesc/-/cssesc-0.1.0.tgz",
      "integrity": "sha1-yBSQPkViM3GgR3tAEJqq++6t27Q="
    },
    "decamelize": {
      "version": "2.0.0",
      "resolved": "https://registry.npmjs.org/decamelize/-/decamelize-2.0.0.tgz",
      "integrity": "sha512-Ikpp5scV3MSYxY39ymh45ZLEecsTdv/Xj2CaQfI8RLMuwi7XvjX9H/fhraiSuU+C5w5NTDu4ZU72xNiZnurBPg==",
      "requires": {
        "xregexp": "4.0.0"
      }
    },
    "esquery": {
      "version": "1.0.1",
      "resolved": "https://registry.npmjs.org/esquery/-/esquery-1.0.1.tgz",
      "integrity": "sha512-SmiyZ5zIWH9VM+SRUReLS5Q8a7GxtRdxEBVZpm98rJM7Sb+A9DVCndXfkeFUd3byderg+EbDkfnevfCwynWaNA==",
      "requires": {
        "estraverse": "^4.0.0"
      }
    },
    "estraverse": {
      "version": "4.2.0",
      "resolved": "https://registry.npmjs.org/estraverse/-/estraverse-4.2.0.tgz",
      "integrity": "sha1-De4/7TH81GlhjOc0IJn8GvoL2xM="
    },
    "fastparse": {
      "version": "1.1.1",
      "resolved": "https://registry.npmjs.org/fastparse/-/fastparse-1.1.1.tgz",
      "integrity": "sha1-0eJkOzipTXWDtHkGDmxK/8lAcfg="
    },
    "jsesc": {
      "version": "0.5.0",
      "resolved": "https://registry.npmjs.org/jsesc/-/jsesc-0.5.0.tgz",
      "integrity": "sha1-597mbjXW/Bb3EP6R1c9p9w8IkR0="
    },
    "path-parse": {
      "version": "1.0.5",
      "resolved": "https://registry.npmjs.org/path-parse/-/path-parse-1.0.5.tgz",
      "integrity": "sha1-PBrfhx6pzWyUMbbqK9dKD/BVxME="
    },
    "regenerate": {
      "version": "1.4.0",
      "resolved": "https://registry.npmjs.org/regenerate/-/regenerate-1.4.0.tgz",
      "integrity": "sha512-1G6jJVDWrt0rK99kBjvEtziZNCICAuvIPkSiUFIQxVP06RCVpq3dmDo2oi6ABpYaDYaTRr67BEhL8r1wgEZZKg=="
    },
    "regexpu-core": {
      "version": "1.0.0",
      "resolved": "https://registry.npmjs.org/regexpu-core/-/regexpu-core-1.0.0.tgz",
      "integrity": "sha1-hqdj9Y7k18L2sQLkdkBQ3n7ZDGs=",
      "requires": {
        "regenerate": "^1.2.1",
        "regjsgen": "^0.2.0",
        "regjsparser": "^0.1.4"
      }
    },
    "regjsgen": {
      "version": "0.2.0",
      "resolved": "https://registry.npmjs.org/regjsgen/-/regjsgen-0.2.0.tgz",
      "integrity": "sha1-bAFq3qxVT3WCP+N6wFuS1aTtsfc="
    },
    "regjsparser": {
      "version": "0.1.5",
      "resolved": "https://registry.npmjs.org/regjsparser/-/regjsparser-0.1.5.tgz",
      "integrity": "sha1-fuj4Tcb6eS0/0K4ijSS9lJ6tIFw=",
      "requires": {
        "jsesc": "~0.5.0"
      }
    },
    "resolve": {
      "version": "1.8.1",
      "resolved": "https://registry.npmjs.org/resolve/-/resolve-1.8.1.tgz",
      "integrity": "sha512-AicPrAC7Qu1JxPCZ9ZgCZlY35QgFnNqc+0LtbRNxnVw4TXvjQ72wnuL9JQcEBgXkI9JM8MsT9kaQoHcpCRJOYA==",
      "requires": {
        "path-parse": "^1.0.5"
      }
    },
    "rxjs-tslint-rules": {
      "version": "4.4.2",
      "resolved": "https://registry.npmjs.org/rxjs-tslint-rules/-/rxjs-tslint-rules-4.4.2.tgz",
      "integrity": "sha512-FGAd3+q18CR/WJFdWBwd1IGMnEL/Mz7rSB766QTAT6VGfQPr4Wu5AYCGibyjaUlT3pZKYr5HaLMuBBWi3I83qQ==",
      "requires": {
        "@phenomnomnominal/tsquery": "^1.0.5",
        "decamelize": "^2.0.0",
        "resolve": "^1.4.0",
        "tslib": "^1.8.0"
      }
    },
    "semver": {
      "version": "5.5.0",
      "resolved": "https://registry.npmjs.org/semver/-/semver-5.5.0.tgz",
      "integrity": "sha512-4SJ3dm0WAwWy/NVeioZh5AntkdJoWKxHxcmyP622fOkgHa4z3R0TdBJICINyaSDE6uNwVc8gZr+ZinwZAH4xIA=="
    },
    "semver-dsl": {
      "version": "1.0.1",
      "resolved": "https://registry.npmjs.org/semver-dsl/-/semver-dsl-1.0.1.tgz",
      "integrity": "sha1-02eN5VVeimH2Ke7QJTZq5fJzQKA=",
      "requires": {
        "semver": "^5.3.0"
      }
    },
    "source-map": {
      "version": "0.5.7",
      "resolved": "https://registry.npmjs.org/source-map/-/source-map-0.5.7.tgz",
      "integrity": "sha1-igOdLRAh0i0eoUyA2OpGi6LvP8w="
    },
    "sprintf-js": {
      "version": "1.1.1",
      "resolved": "https://registry.npmjs.org/sprintf-js/-/sprintf-js-1.1.1.tgz",
      "integrity": "sha1-Nr54Mgr+WAH2zqPueLblqrlA6gw="
    },
    "through": {
      "version": "2.3.8",
      "resolved": "https://registry.npmjs.org/through/-/through-2.3.8.tgz",
      "integrity": "sha1-DdTJ/6q8NXlgsbckEV1+Doai4fU="
    },
    "tslib": {
      "version": "1.9.3",
      "resolved": "https://registry.npmjs.org/tslib/-/tslib-1.9.3.tgz",
      "integrity": "sha512-4krF8scpejhaOgqzBEcGM7yDIEfi0/8+8zDRZhNZZ2kjmHJ4hv3zCbQWxoJGz1iw5U0Jl0nma13xzHXcncMavQ=="
    },
    "tslint-config-prettier": {
      "version": "1.13.0",
      "resolved": "https://registry.npmjs.org/tslint-config-prettier/-/tslint-config-prettier-1.13.0.tgz",
      "integrity": "sha512-assE77K7K8Q9j8CVIHiU3d1uoKc8N5v7UPpkQ9IE8BEPWkvSYR37lDuYekDlAMFqR1IpD6CrS+uOJLl6pw7Wdw=="
    },
    "xregexp": {
      "version": "4.0.0",
      "resolved": "https://registry.npmjs.org/xregexp/-/xregexp-4.0.0.tgz",
      "integrity": "sha512-PHyM+sQouu7xspQQwELlGwwd05mXUFqwFYfqPO0cC7x4fxyHnnuetmQr6CjJiafIDoH4MogHb9dOoJzR/Y4rFg=="
    }
  }
}
